
Microsoft Visual Studio Solution File, Format Version 12.00
# Visual Studio Version 16
VisualStudioVersion = 16.0.30011.22
MinimumVisualStudioVersion = 10.0.40219.1
Project("{8BC9CEB8-8B4A-11D0-8D11-00A0C91BC942}") = "SearchStructure", "SearchStructure\SearchStructure.vcxproj", "{2DACAE8C-891B-4657-A997-CBCD08B91316}"
EndProject
Project("{8BC9CEB8-8B4A-11D0-8D11-00A0C91BC942}") = "BST", "BST\BST.vcxproj", "{AC7D65BF-243B-4F0C-8D6A-92D039896DD8}"
EndProject
Project("{8BC9CEB8-8B4A-11D0-8D11-00A0C91BC942}") = "AVL", "AVL\AVL.vcxproj", "{EA10396B-6B66-4DCE-9E9F-A161EBA8843D}"
EndProject
Global
	GlobalSection(SolutionConfigurationPlatforms) = preSolution
		Debug|x64 = Debug|x64
		Debug|x86 = Debug|x86
		Release|x64 = Release|x64
		Release|x86 = Release|x86
	EndGlobalSection
	GlobalSection(ProjectConfigurationPlatforms) = postSolution
		{2DACAE8C-891B-4657-A997-CBCD08B91316}.Debug|x64.ActiveCfg = Debug|x64
		{2DACAE8C-891B-4657-A997-CBCD08B91316}.Debug|x64.Build.0 = Debug|x64
		{2DACAE8C-891B-4657-A997-CBCD08B91316}.Debug|x86.ActiveCfg = Debug|Win32
		{2DACAE8C-891B-4657-A997-CBCD08B91316}.Debug|x86.Build.0 = Debug|Win32
		{2DACAE8C-891B-4657-A997-CBCD08B91316}.Release|x64.ActiveCfg = Release|x64
		{2DACAE8C-891B-4657-A997-CBCD08B91316}.Release|x64.Build.0 = Release|x64
		{2DACAE8C-891B-4657-A997-CBCD08B91316}.Release|x86.ActiveCfg = Release|Win32
		{2DACAE8C-891B-4657-A997-CBCD08B91316}.Release|x86.Build.0 = Release|Win32
		{AC7D65BF-243B-4F0C-8D6A-92D039896DD8}.Debug|x64.ActiveCfg = Debug|x64
		{AC7D65BF-243B-4F0C-8D6A-92D039896DD8}.Debug|x64.Build.0 = Debug|x64
		{AC7D65BF-243B-4F0C-8D6A-92D039896DD8}.Debug|x86.ActiveCfg = Debug|Win32
		{AC7D65BF-243B-4F0C-8D6A-92D039896DD8}.Debug|x86.Build.0 = Debug|Win32
		{AC7D65BF-243B-4F0C-8D6A-92D039896DD8}.Release|x64.ActiveCfg = Release|x64
		{AC7D65BF-243B-4F0C-8D6A-92D039896DD8}.Release|x64.Build.0 = Release|x64
		{AC7D65BF-243B-4F0C-8D6A-92D039896DD8}.Release|x86.ActiveCfg = Release|Win32
		{AC7D65BF-243B-4F0C-8D6A-92D039896DD8}.Release|x86.Build.0 = Release|Win32
		{EA10396B-6B66-4DCE-9E9F-A161EBA8843D}.Debug|x64.ActiveCfg = Debug|x64
		{EA10396B-6B66-4DCE-9E9F-A161EBA8843D}.Debug|x64.Build.0 = Debug|x64
		{EA10396B-6B66-4DCE-9E9F-A161EBA8843D}.Debug|x86.ActiveCfg = Debug|Win32
		{EA10396B-6B66-4DCE-9E9F-A161EBA8843D}.Debug|x86.Build.0 = Debug|Win32
		{EA10396B-6B66-4DCE-9E9F-A161EBA8843D}.Release|x64.ActiveCfg = Release|x64
		{EA10396B-6B66-4DCE-9E9F-A161EBA8843D}.Release|x64.Build.0 = Release|x64
		{EA10396B-6B66-4DCE-9E9F-A161EBA8843D}.Release|x86.ActiveCfg = Release|Win32
		{EA10396B-6B66-4DCE-9E9F-A161EBA8843D}.Release|x86.Build.0 = Release|Win32
	EndGlobalSection
	GlobalSection(SolutionProperties) = preSolution
		HideSolutionNode = FALSE
	EndGlobalSection
	GlobalSection(ExtensibilityGlobals) = postSolution
		SolutionGuid = {96A18DB5-FE05-497E-98AB-6F2E80A17F1C}
	EndGlobalSection
EndGlobal
