
Microsoft Visual Studio Solution File, Format Version 12.00
# Visual Studio Version 16
VisualStudioVersion = 16.0.30011.22
MinimumVisualStudioVersion = 10.0.40219.1
Project("{8BC9CEB8-8B4A-11D0-8D11-00A0C91BC942}") = "SetAndDictionary", "SetAndDictionary\SetAndDictionary.vcxproj", "{A5D91E6A-8D2E-4BA2-BB14-30139B6D65D0}"
EndProject
Project("{8BC9CEB8-8B4A-11D0-8D11-00A0C91BC942}") = "Set", "Set\Set.vcxproj", "{3D807E3D-FD58-444E-BFCB-B3C3F5E469A0}"
EndProject
Project("{8BC9CEB8-8B4A-11D0-8D11-00A0C91BC942}") = "bitSet", "bitSet\bitSet.vcxproj", "{8499B65A-3269-41A1-A8B3-10A183BA3007}"
EndProject
Project("{8BC9CEB8-8B4A-11D0-8D11-00A0C91BC942}") = "t", "t\t.vcxproj", "{02E8F9E5-1434-439B-8115-670E41D20D60}"
EndProject
Project("{8BC9CEB8-8B4A-11D0-8D11-00A0C91BC942}") = "LinkedSet", "LinkedSet\LinkedSet.vcxproj", "{75261A28-BF84-4FF6-A12E-040DC9AD1BC0}"
EndProject
Project("{8BC9CEB8-8B4A-11D0-8D11-00A0C91BC942}") = "UFSet", "UFSet\UFSet.vcxproj", "{36B4F411-102C-49E5-98B7-678676FA39FB}"
EndProject
Project("{8BC9CEB8-8B4A-11D0-8D11-00A0C91BC942}") = "SortedChain", "SortedChain\SortedChain.vcxproj", "{C2FC4564-5B64-4559-9175-7CA85413C3B7}"
EndProject
Project("{8BC9CEB8-8B4A-11D0-8D11-00A0C91BC942}") = "SkipList", "SkipList\SkipList.vcxproj", "{CACFBACD-C9F2-42A0-B1A6-4579CECEB8EB}"
EndProject
Project("{8BC9CEB8-8B4A-11D0-8D11-00A0C91BC942}") = "HashTable", "HashTable\HashTable.vcxproj", "{F9307408-A0EA-4457-8EAC-B614B2EA2F61}"
EndProject
Project("{8BC9CEB8-8B4A-11D0-8D11-00A0C91BC942}") = "HashTable2.0", "HashTable2.0\HashTable2.0.vcxproj", "{5C932E53-44AD-429D-89F5-67D9FD6E6FC7}"
EndProject
Global
	GlobalSection(SolutionConfigurationPlatforms) = preSolution
		Debug|x64 = Debug|x64
		Debug|x86 = Debug|x86
		Release|x64 = Release|x64
		Release|x86 = Release|x86
	EndGlobalSection
	GlobalSection(ProjectConfigurationPlatforms) = postSolution
		{A5D91E6A-8D2E-4BA2-BB14-30139B6D65D0}.Debug|x64.ActiveCfg = Debug|x64
		{A5D91E6A-8D2E-4BA2-BB14-30139B6D65D0}.Debug|x64.Build.0 = Debug|x64
		{A5D91E6A-8D2E-4BA2-BB14-30139B6D65D0}.Debug|x86.ActiveCfg = Debug|Win32
		{A5D91E6A-8D2E-4BA2-BB14-30139B6D65D0}.Debug|x86.Build.0 = Debug|Win32
		{A5D91E6A-8D2E-4BA2-BB14-30139B6D65D0}.Release|x64.ActiveCfg = Release|x64
		{A5D91E6A-8D2E-4BA2-BB14-30139B6D65D0}.Release|x64.Build.0 = Release|x64
		{A5D91E6A-8D2E-4BA2-BB14-30139B6D65D0}.Release|x86.ActiveCfg = Release|Win32
		{A5D91E6A-8D2E-4BA2-BB14-30139B6D65D0}.Release|x86.Build.0 = Release|Win32
		{3D807E3D-FD58-444E-BFCB-B3C3F5E469A0}.Debug|x64.ActiveCfg = Debug|x64
		{3D807E3D-FD58-444E-BFCB-B3C3F5E469A0}.Debug|x64.Build.0 = Debug|x64
		{3D807E3D-FD58-444E-BFCB-B3C3F5E469A0}.Debug|x86.ActiveCfg = Debug|Win32
		{3D807E3D-FD58-444E-BFCB-B3C3F5E469A0}.Debug|x86.Build.0 = Debug|Win32
		{3D807E3D-FD58-444E-BFCB-B3C3F5E469A0}.Release|x64.ActiveCfg = Release|x64
		{3D807E3D-FD58-444E-BFCB-B3C3F5E469A0}.Release|x64.Build.0 = Release|x64
		{3D807E3D-FD58-444E-BFCB-B3C3F5E469A0}.Release|x86.ActiveCfg = Release|Win32
		{3D807E3D-FD58-444E-BFCB-B3C3F5E469A0}.Release|x86.Build.0 = Release|Win32
		{8499B65A-3269-41A1-A8B3-10A183BA3007}.Debug|x64.ActiveCfg = Debug|x64
		{8499B65A-3269-41A1-A8B3-10A183BA3007}.Debug|x64.Build.0 = Debug|x64
		{8499B65A-3269-41A1-A8B3-10A183BA3007}.Debug|x86.ActiveCfg = Debug|Win32
		{8499B65A-3269-41A1-A8B3-10A183BA3007}.Debug|x86.Build.0 = Debug|Win32
		{8499B65A-3269-41A1-A8B3-10A183BA3007}.Release|x64.ActiveCfg = Release|x64
		{8499B65A-3269-41A1-A8B3-10A183BA3007}.Release|x64.Build.0 = Release|x64
		{8499B65A-3269-41A1-A8B3-10A183BA3007}.Release|x86.ActiveCfg = Release|Win32
		{8499B65A-3269-41A1-A8B3-10A183BA3007}.Release|x86.Build.0 = Release|Win32
		{02E8F9E5-1434-439B-8115-670E41D20D60}.Debug|x64.ActiveCfg = Debug|x64
		{02E8F9E5-1434-439B-8115-670E41D20D60}.Debug|x64.Build.0 = Debug|x64
		{02E8F9E5-1434-439B-8115-670E41D20D60}.Debug|x86.ActiveCfg = Debug|Win32
		{02E8F9E5-1434-439B-8115-670E41D20D60}.Debug|x86.Build.0 = Debug|Win32
		{02E8F9E5-1434-439B-8115-670E41D20D60}.Release|x64.ActiveCfg = Release|x64
		{02E8F9E5-1434-439B-8115-670E41D20D60}.Release|x64.Build.0 = Release|x64
		{02E8F9E5-1434-439B-8115-670E41D20D60}.Release|x86.ActiveCfg = Release|Win32
		{02E8F9E5-1434-439B-8115-670E41D20D60}.Release|x86.Build.0 = Release|Win32
		{75261A28-BF84-4FF6-A12E-040DC9AD1BC0}.Debug|x64.ActiveCfg = Debug|x64
		{75261A28-BF84-4FF6-A12E-040DC9AD1BC0}.Debug|x64.Build.0 = Debug|x64
		{75261A28-BF84-4FF6-A12E-040DC9AD1BC0}.Debug|x86.ActiveCfg = Debug|Win32
		{75261A28-BF84-4FF6-A12E-040DC9AD1BC0}.Debug|x86.Build.0 = Debug|Win32
		{75261A28-BF84-4FF6-A12E-040DC9AD1BC0}.Release|x64.ActiveCfg = Release|x64
		{75261A28-BF84-4FF6-A12E-040DC9AD1BC0}.Release|x64.Build.0 = Release|x64
		{75261A28-BF84-4FF6-A12E-040DC9AD1BC0}.Release|x86.ActiveCfg = Release|Win32
		{75261A28-BF84-4FF6-A12E-040DC9AD1BC0}.Release|x86.Build.0 = Release|Win32
		{36B4F411-102C-49E5-98B7-678676FA39FB}.Debug|x64.ActiveCfg = Debug|x64
		{36B4F411-102C-49E5-98B7-678676FA39FB}.Debug|x64.Build.0 = Debug|x64
		{36B4F411-102C-49E5-98B7-678676FA39FB}.Debug|x86.ActiveCfg = Debug|Win32
		{36B4F411-102C-49E5-98B7-678676FA39FB}.Debug|x86.Build.0 = Debug|Win32
		{36B4F411-102C-49E5-98B7-678676FA39FB}.Release|x64.ActiveCfg = Release|x64
		{36B4F411-102C-49E5-98B7-678676FA39FB}.Release|x64.Build.0 = Release|x64
		{36B4F411-102C-49E5-98B7-678676FA39FB}.Release|x86.ActiveCfg = Release|Win32
		{36B4F411-102C-49E5-98B7-678676FA39FB}.Release|x86.Build.0 = Release|Win32
		{C2FC4564-5B64-4559-9175-7CA85413C3B7}.Debug|x64.ActiveCfg = Debug|x64
		{C2FC4564-5B64-4559-9175-7CA85413C3B7}.Debug|x64.Build.0 = Debug|x64
		{C2FC4564-5B64-4559-9175-7CA85413C3B7}.Debug|x86.ActiveCfg = Debug|Win32
		{C2FC4564-5B64-4559-9175-7CA85413C3B7}.Debug|x86.Build.0 = Debug|Win32
		{C2FC4564-5B64-4559-9175-7CA85413C3B7}.Release|x64.ActiveCfg = Release|x64
		{C2FC4564-5B64-4559-9175-7CA85413C3B7}.Release|x64.Build.0 = Release|x64
		{C2FC4564-5B64-4559-9175-7CA85413C3B7}.Release|x86.ActiveCfg = Release|Win32
		{C2FC4564-5B64-4559-9175-7CA85413C3B7}.Release|x86.Build.0 = Release|Win32
		{CACFBACD-C9F2-42A0-B1A6-4579CECEB8EB}.Debug|x64.ActiveCfg = Debug|x64
		{CACFBACD-C9F2-42A0-B1A6-4579CECEB8EB}.Debug|x64.Build.0 = Debug|x64
		{CACFBACD-C9F2-42A0-B1A6-4579CECEB8EB}.Debug|x86.ActiveCfg = Debug|Win32
		{CACFBACD-C9F2-42A0-B1A6-4579CECEB8EB}.Debug|x86.Build.0 = Debug|Win32
		{CACFBACD-C9F2-42A0-B1A6-4579CECEB8EB}.Release|x64.ActiveCfg = Release|x64
		{CACFBACD-C9F2-42A0-B1A6-4579CECEB8EB}.Release|x64.Build.0 = Release|x64
		{CACFBACD-C9F2-42A0-B1A6-4579CECEB8EB}.Release|x86.ActiveCfg = Release|Win32
		{CACFBACD-C9F2-42A0-B1A6-4579CECEB8EB}.Release|x86.Build.0 = Release|Win32
		{F9307408-A0EA-4457-8EAC-B614B2EA2F61}.Debug|x64.ActiveCfg = Debug|x64
		{F9307408-A0EA-4457-8EAC-B614B2EA2F61}.Debug|x64.Build.0 = Debug|x64
		{F9307408-A0EA-4457-8EAC-B614B2EA2F61}.Debug|x86.ActiveCfg = Debug|Win32
		{F9307408-A0EA-4457-8EAC-B614B2EA2F61}.Debug|x86.Build.0 = Debug|Win32
		{F9307408-A0EA-4457-8EAC-B614B2EA2F61}.Release|x64.ActiveCfg = Release|x64
		{F9307408-A0EA-4457-8EAC-B614B2EA2F61}.Release|x64.Build.0 = Release|x64
		{F9307408-A0EA-4457-8EAC-B614B2EA2F61}.Release|x86.ActiveCfg = Release|Win32
		{F9307408-A0EA-4457-8EAC-B614B2EA2F61}.Release|x86.Build.0 = Release|Win32
		{5C932E53-44AD-429D-89F5-67D9FD6E6FC7}.Debug|x64.ActiveCfg = Debug|x64
		{5C932E53-44AD-429D-89F5-67D9FD6E6FC7}.Debug|x64.Build.0 = Debug|x64
		{5C932E53-44AD-429D-89F5-67D9FD6E6FC7}.Debug|x86.ActiveCfg = Debug|Win32
		{5C932E53-44AD-429D-89F5-67D9FD6E6FC7}.Debug|x86.Build.0 = Debug|Win32
		{5C932E53-44AD-429D-89F5-67D9FD6E6FC7}.Release|x64.ActiveCfg = Release|x64
		{5C932E53-44AD-429D-89F5-67D9FD6E6FC7}.Release|x64.Build.0 = Release|x64
		{5C932E53-44AD-429D-89F5-67D9FD6E6FC7}.Release|x86.ActiveCfg = Release|Win32
		{5C932E53-44AD-429D-89F5-67D9FD6E6FC7}.Release|x86.Build.0 = Release|Win32
	EndGlobalSection
	GlobalSection(SolutionProperties) = preSolution
		HideSolutionNode = FALSE
	EndGlobalSection
	GlobalSection(ExtensibilityGlobals) = postSolution
		SolutionGuid = {D4EFBE6F-FFA8-4B35-9C3A-C8A5A9B3B720}
	EndGlobalSection
EndGlobal
