
Microsoft Visual Studio Solution File, Format Version 12.00
# Visual Studio Version 16
VisualStudioVersion = 16.0.30011.22
MinimumVisualStudioVersion = 10.0.40219.1
Project("{8BC9CEB8-8B4A-11D0-8D11-00A0C91BC942}") = "P08", "P08\P08.vcxproj", "{90555385-06D5-4258-851E-A45E29D4DA93}"
EndProject
Global
	GlobalSection(SolutionConfigurationPlatforms) = preSolution
		Debug|x64 = Debug|x64
		Debug|x86 = Debug|x86
		Release|x64 = Release|x64
		Release|x86 = Release|x86
	EndGlobalSection
	GlobalSection(ProjectConfigurationPlatforms) = postSolution
		{90555385-06D5-4258-851E-A45E29D4DA93}.Debug|x64.ActiveCfg = Debug|x64
		{90555385-06D5-4258-851E-A45E29D4DA93}.Debug|x64.Build.0 = Debug|x64
		{90555385-06D5-4258-851E-A45E29D4DA93}.Debug|x86.ActiveCfg = Debug|Win32
		{90555385-06D5-4258-851E-A45E29D4DA93}.Debug|x86.Build.0 = Debug|Win32
		{90555385-06D5-4258-851E-A45E29D4DA93}.Release|x64.ActiveCfg = Release|x64
		{90555385-06D5-4258-851E-A45E29D4DA93}.Release|x64.Build.0 = Release|x64
		{90555385-06D5-4258-851E-A45E29D4DA93}.Release|x86.ActiveCfg = Release|Win32
		{90555385-06D5-4258-851E-A45E29D4DA93}.Release|x86.Build.0 = Release|Win32
	EndGlobalSection
	GlobalSection(SolutionProperties) = preSolution
		HideSolutionNode = FALSE
	EndGlobalSection
	GlobalSection(ExtensibilityGlobals) = postSolution
		SolutionGuid = {46E22366-C5F5-4AB6-ABA4-B9D3D2A6A671}
	EndGlobalSection
EndGlobal
